
Microsoft Visual Studio Solution File, Format Version 12.00
# Visual Studio Version 17
VisualStudioVersion = 17.0.31903.59
MinimumVisualStudioVersion = 10.0.40219.1
Project("{FAE04EC0-301F-11D3-BF4B-00C04F79EFBC}") = "Nemonuri.Common.Primitives", "Nemonuri.Common.Primitives\Nemonuri.Common.Primitives.csproj", "{F5A9ADEB-6ACA-4EF4-801C-5A6E94B630D5}"
EndProject
Project("{FAE04EC0-301F-11D3-BF4B-00C04F79EFBC}") = "Nemonuri.Common.Primitives.NetStandard", "Nemonuri.Common.Primitives.NetStandard\Nemonuri.Common.Primitives.NetStandard.csproj", "{1E0F7E21-9667-45CF-8797-7FFF174407AF}"
EndProject
Global
	GlobalSection(SolutionConfigurationPlatforms) = preSolution
		Debug|Any CPU = Debug|Any CPU
		Release|Any CPU = Release|Any CPU
	EndGlobalSection
	GlobalSection(SolutionProperties) = preSolution
		HideSolutionNode = FALSE
	EndGlobalSection
	GlobalSection(ProjectConfigurationPlatforms) = postSolution
		{F5A9ADEB-6ACA-4EF4-801C-5A6E94B630D5}.Debug|Any CPU.ActiveCfg = Debug|Any CPU
		{F5A9ADEB-6ACA-4EF4-801C-5A6E94B630D5}.Debug|Any CPU.Build.0 = Debug|Any CPU
		{F5A9ADEB-6ACA-4EF4-801C-5A6E94B630D5}.Release|Any CPU.ActiveCfg = Release|Any CPU
		{F5A9ADEB-6ACA-4EF4-801C-5A6E94B630D5}.Release|Any CPU.Build.0 = Release|Any CPU
		{1E0F7E21-9667-45CF-8797-7FFF174407AF}.Debug|Any CPU.ActiveCfg = Debug|Any CPU
		{1E0F7E21-9667-45CF-8797-7FFF174407AF}.Debug|Any CPU.Build.0 = Debug|Any CPU
		{1E0F7E21-9667-45CF-8797-7FFF174407AF}.Release|Any CPU.ActiveCfg = Release|Any CPU
		{1E0F7E21-9667-45CF-8797-7FFF174407AF}.Release|Any CPU.Build.0 = Release|Any CPU
	EndGlobalSection
EndGlobal
